
Microsoft Visual Studio Solution File, Format Version 12.00
# Visual Studio Version 17
VisualStudioVersion = 17.3.32804.467
MinimumVisualStudioVersion = 10.0.40219.1
Project("{FAE04EC0-301F-11D3-BF4B-00C04F79EFBC}") = "PhanMemHeCan", "PhanMemHeCan\PhanMemHeCan.csproj", "{0AF68D3E-F15B-4D3D-9B7C-65EAAE5E198B}"
EndProject
Global
	GlobalSection(SolutionConfigurationPlatforms) = preSolution
		Debug|Any CPU = Debug|Any CPU
		Release|Any CPU = Release|Any CPU
	EndGlobalSection
	GlobalSection(ProjectConfigurationPlatforms) = postSolution
		{0AF68D3E-F15B-4D3D-9B7C-65EAAE5E198B}.Debug|Any CPU.ActiveCfg = Debug|Any CPU
		{0AF68D3E-F15B-4D3D-9B7C-65EAAE5E198B}.Debug|Any CPU.Build.0 = Debug|Any CPU
		{0AF68D3E-F15B-4D3D-9B7C-65EAAE5E198B}.Release|Any CPU.ActiveCfg = Release|Any CPU
		{0AF68D3E-F15B-4D3D-9B7C-65EAAE5E198B}.Release|Any CPU.Build.0 = Release|Any CPU
	EndGlobalSection
	GlobalSection(SolutionProperties) = preSolution
		HideSolutionNode = FALSE
	EndGlobalSection
	GlobalSection(ExtensibilityGlobals) = postSolution
		SolutionGuid = {3A55B0AA-5234-4C69-93FE-C6D201BDFC4E}
	EndGlobalSection
EndGlobal
